
Microsoft Visual Studio Solution File, Format Version 12.00
# Visual Studio Version 17
VisualStudioVersion = 17.11.35327.3
MinimumVisualStudioVersion = 10.0.40219.1
Project("{FAE04EC0-301F-11D3-BF4B-00C04F79EFBC}") = "API-2", "API-2\API-2.csproj", "{899B5C3D-6A43-4159-98F3-20B7C6843399}"
EndProject
Project("{FAE04EC0-301F-11D3-BF4B-00C04F79EFBC}") = "BlazorApp2", "BlazorApp2\BlazorApp2.csproj", "{6F1850D2-C419-4602-AFE5-F34784E2C8F9}"
EndProject
Global
	GlobalSection(SolutionConfigurationPlatforms) = preSolution
		Debug|Any CPU = Debug|Any CPU
		Release|Any CPU = Release|Any CPU
	EndGlobalSection
	GlobalSection(ProjectConfigurationPlatforms) = postSolution
		{899B5C3D-6A43-4159-98F3-20B7C6843399}.Debug|Any CPU.ActiveCfg = Debug|Any CPU
		{899B5C3D-6A43-4159-98F3-20B7C6843399}.Debug|Any CPU.Build.0 = Debug|Any CPU
		{899B5C3D-6A43-4159-98F3-20B7C6843399}.Release|Any CPU.ActiveCfg = Release|Any CPU
		{899B5C3D-6A43-4159-98F3-20B7C6843399}.Release|Any CPU.Build.0 = Release|Any CPU
		{6F1850D2-C419-4602-AFE5-F34784E2C8F9}.Debug|Any CPU.ActiveCfg = Debug|Any CPU
		{6F1850D2-C419-4602-AFE5-F34784E2C8F9}.Debug|Any CPU.Build.0 = Debug|Any CPU
		{6F1850D2-C419-4602-AFE5-F34784E2C8F9}.Release|Any CPU.ActiveCfg = Release|Any CPU
		{6F1850D2-C419-4602-AFE5-F34784E2C8F9}.Release|Any CPU.Build.0 = Release|Any CPU
	EndGlobalSection
	GlobalSection(SolutionProperties) = preSolution
		HideSolutionNode = FALSE
	EndGlobalSection
	GlobalSection(ExtensibilityGlobals) = postSolution
		SolutionGuid = {2C8C4778-AB9D-407B-8095-13653879EAA9}
	EndGlobalSection
EndGlobal
